
Microsoft Visual Studio Solution File, Format Version 12.00
# Visual Studio Version 17
VisualStudioVersion = 17.4.33213.308
MinimumVisualStudioVersion = 10.0.40219.1
Project("{FAE04EC0-301F-11D3-BF4B-00C04F79EFBC}") = "VilleFordMercado", "VilleFordMercado\VilleFordMercado.csproj", "{7F72EC4A-5711-4B0A-998A-D0CB2ADAAD44}"
EndProject
Global
	GlobalSection(SolutionConfigurationPlatforms) = preSolution
		Debug|Any CPU = Debug|Any CPU
		Release|Any CPU = Release|Any CPU
	EndGlobalSection
	GlobalSection(ProjectConfigurationPlatforms) = postSolution
		{7F72EC4A-5711-4B0A-998A-D0CB2ADAAD44}.Debug|Any CPU.ActiveCfg = Debug|Any CPU
		{7F72EC4A-5711-4B0A-998A-D0CB2ADAAD44}.Debug|Any CPU.Build.0 = Debug|Any CPU
		{7F72EC4A-5711-4B0A-998A-D0CB2ADAAD44}.Release|Any CPU.ActiveCfg = Release|Any CPU
		{7F72EC4A-5711-4B0A-998A-D0CB2ADAAD44}.Release|Any CPU.Build.0 = Release|Any CPU
	EndGlobalSection
	GlobalSection(SolutionProperties) = preSolution
		HideSolutionNode = FALSE
	EndGlobalSection
	GlobalSection(ExtensibilityGlobals) = postSolution
		SolutionGuid = {7D952A8F-5585-41B2-889C-7E29C8661301}
	EndGlobalSection
EndGlobal
